// !$*UTF8*$!
{
	archiveVersion = 1;
	classes = {
	};
	objectVersion = 46;
	objects = {

/* Begin PBXBuildFile section */
		2576809C1B58672200DD0111 /* AppDelegate.m in Sources */ = {isa = PBXBuildFile; fileRef = 2576809B1B58672200DD0111 /* AppDelegate.m */; };
		257680A41B58672200DD0111 /* Images.xcassets in Resources */ = {isa = PBXBuildFile; fileRef = 257680A31B58672200DD0111 /* Images.xcassets */; };
		257680B31B58672300DD0111 /* QuizTests.m in Sources */ = {isa = PBXBuildFile; fileRef = 257680B21B58672300DD0111 /* QuizTests.m */; };
		257680BF1B5879CD00DD0111 /* QuizViewController.m in Sources */ = {isa = PBXBuildFile; fileRef = 257680BD1B5879CD00DD0111 /* QuizViewController.m */; };
		257680C01B5879CD00DD0111 /* QuizViewController.xib in Resources */ = {isa = PBXBuildFile; fileRef = 257680BE1B5879CD00DD0111 /* QuizViewController.xib */; };
		257680C21B587FC900DD0111 /* main.m in Sources */ = {isa = PBXBuildFile; fileRef = 257680C11B587FC900DD0111 /* main.m */; };
/* End PBXBuildFile section */

/* Begin PBXContainerItemProxy section */
		257680AD1B58672300DD0111 /* PBXContainerItemProxy */ = {
			isa = PBXContainerItemProxy;
			containerPortal = 2576808B1B58672200DD0111 /* Project object */;
			proxyType = 1;
			remoteGlobalIDString = 257680921B58672200DD0111;
			remoteInfo = Quiz;
		};
/* End PBXContainerItemProxy section */

/* Begin PBXFileReference section */
		257680931B58672200DD0111 /* Quiz.app */ = {isa = PBXFileReference; explicitFileType = wrapper.application; includeInIndex = 0; path = Quiz.app; sourceTree = BUILT_PRODUCTS_DIR; };
		257680971B58672200DD0111 /* Info.plist */ = {isa = PBXFileReference; lastKnownFileType = text.plist.xml; path = Info.plist; sourceTree = "<group>"; };
		2576809A1B58672200DD0111 /* AppDelegate.h */ = {isa = PBXFileReference; lastKnownFileType = sourcecode.c.h; path = AppDelegate.h; sourceTree = "<group>"; };
		2576809B1B58672200DD0111 /* AppDelegate.m */ = {isa = PBXFileReference; lastKnownFileType = sourcecode.c.objc; path = AppDelegate.m; sourceTree = "<group>"; };
		257680A31B58672200DD0111 /* Images.xcassets */ = {isa = PBXFileReference; lastKnownFileType = folder.assetcatalog; path = Images.xcassets; sourceTree = "<group>"; };
		257680AC1B58672200DD0111 /* QuizTests.xctest */ = {isa = PBXFileReference; explicitFileType = wrapper.cfbundle; includeInIndex = 0; path = QuizTests.xctest; sourceTree = BUILT_PRODUCTS_DIR; };
		257680B11B58672300DD0111 /* Info.plist */ = {isa = PBXFileReference; lastKnownFileType = text.plist.xml; path = Info.plist; sourceTree = "<group>"; };
		257680B21B58672300DD0111 /* QuizTests.m */ = {isa = PBXFileReference; lastKnownFileType = sourcecode.c.objc; path = QuizTests.m; sourceTree = "<group>"; };
		257680BC1B5879CD00DD0111 /* QuizViewController.h */ = {isa = PBXFileReference; fileEncoding = 4; lastKnownFileType = sourcecode.c.h; name = QuizViewController.h; path = Quiz/QuizViewController.h; sourceTree = "<group>"; };
		257680BD1B5879CD00DD0111 /* QuizViewController.m */ = {isa = PBXFileReference; fileEncoding = 4; lastKnownFileType = sourcecode.c.objc; name = QuizViewController.m; path = Quiz/QuizViewController.m; sourceTree = "<group>"; };
		257680BE1B5879CD00DD0111 /* QuizViewController.xib */ = {isa = PBXFileReference; fileEncoding = 4; lastKnownFileType = file.xib; name = QuizViewController.xib; path = Quiz/QuizViewController.xib; sourceTree = "<group>"; };
		257680C11B587FC900DD0111 /* main.m */ = {isa = PBXFileReference; fileEncoding = 4; lastKnownFileType = sourcecode.c.objc; path = main.m; sourceTree = "<group>"; };
/* End PBXFileReference section */

/* Begin PBXFrameworksBuildPhase section */
		257680901B58672200DD0111 /* Frameworks */ = {
			isa = PBXFrameworksBuildPhase;
			buildActionMask = 2147483647;
			files = (
			);
			runOnlyForDeploymentPostprocessing = 0;
		};
		257680A91B58672200DD0111 /* Frameworks */ = {
			isa = PBXFrameworksBuildPhase;
			buildActionMask = 2147483647;
			files = (
			);
			runOnlyForDeploymentPostprocessing = 0;
		};
/* End PBXFrameworksBuildPhase section */

/* Begin PBXGroup section */
		2576808A1B58672200DD0111 = {
			isa = PBXGroup;
			children = (
				257680BC1B5879CD00DD0111 /* QuizViewController.h */,
				257680BD1B5879CD00DD0111 /* QuizViewController.m */,
				257680BE1B5879CD00DD0111 /* QuizViewController.xib */,
				257680951B58672200DD0111 /* Quiz */,
				257680AF1B58672300DD0111 /* QuizTests */,
				257680941B58672200DD0111 /* Products */,
			);
			sourceTree = "<group>";
		};
		257680941B58672200DD0111 /* Products */ = {
			isa = PBXGroup;
			children = (
				257680931B58672200DD0111 /* Quiz.app */,
				257680AC1B58672200DD0111 /* QuizTests.xctest */,
			);
			name = Products;
			sourceTree = "<group>";
		};
		257680951B58672200DD0111 /* Quiz */ = {
			isa = PBXGroup;
			children = (
				2576809A1B58672200DD0111 /* AppDelegate.h */,
				2576809B1B58672200DD0111 /* AppDelegate.m */,
				257680A31B58672200DD0111 /* Images.xcassets */,
				257680961B58672200DD0111 /* Supporting Files */,
				257680C11B587FC900DD0111 /* main.m */,
			);
			path = Quiz;
			sourceTree = "<group>";
		};
		257680961B58672200DD0111 /* Supporting Files */ = {
			isa = PBXGroup;
			children = (
				257680971B58672200DD0111 /* Info.plist */,
			);
			name = "Supporting Files";
			sourceTree = "<group>";
		};
		257680AF1B58672300DD0111 /* QuizTests */ = {
			isa = PBXGroup;
			children = (
				257680B21B58672300DD0111 /* QuizTests.m */,
				257680B01B58672300DD0111 /* Supporting Files */,
			);
			path = QuizTests;
			sourceTree = "<group>";
		};
		257680B01B58672300DD0111 /* Supporting Files */ = {
			isa = PBXGroup;
			children = (
				257680B11B58672300DD0111 /* Info.plist */,
			);
			name = "Supporting Files";
			sourceTree = "<group>";
		};
/* End PBXGroup section */

/* Begin PBXNativeTarget section */
		257680921B58672200DD0111 /* Quiz */ = {
			isa = PBXNativeTarget;
			buildConfigurationList = 257680B61B58672300DD0111 /* Build configuration list for PBXNativeTarget "Quiz" */;
			buildPhases = (
				2576808F1B58672200DD0111 /* Sources */,
				257680901B58672200DD0111 /* Frameworks */,
				257680911B58672200DD0111 /* Resources */,
			);
			buildRules = (
			);
			dependencies = (
			);
			name = Quiz;
			productName = Quiz;
			productReference = 257680931B58672200DD0111 /* Quiz.app */;
			productType = "com.apple.product-type.application";
		};
		257680AB1B58672200DD0111 /* QuizTests */ = {
			isa = PBXNativeTarget;
			buildConfigurationList = 257680B91B58672300DD0111 /* Build configuration list for PBXNativeTarget "QuizTests" */;
			buildPhases = (
				257680A81B58672200DD0111 /* Sources */,
				257680A91B58672200DD0111 /* Frameworks */,
				257680AA1B58672200DD0111 /* Resources */,
			);
			buildRules = (
			);
			dependencies = (
				257680AE1B58672300DD0111 /* PBXTargetDependency */,
			);
			name = QuizTests;
			productName = QuizTests;
			productReference = 257680AC1B58672200DD0111 /* QuizTests.xctest */;
			productType = "com.apple.product-type.bundle.unit-test";
		};
/* End PBXNativeTarget section */

/* Begin PBXProject section */
		2576808B1B58672200DD0111 /* Project object */ = {
			isa = PBXProject;
			attributes = {
				LastUpgradeCheck = 0640;
				ORGANIZATIONNAME = "Penguin Software";
				TargetAttributes = {
					257680921B58672200DD0111 = {
						CreatedOnToolsVersion = 6.4;
						DevelopmentTeam = R9Q26MGRFH;
					};
					257680AB1B58672200DD0111 = {
						CreatedOnToolsVersion = 6.4;
						TestTargetID = 257680921B58672200DD0111;
					};
				};
			};
			buildConfigurationList = 2576808E1B58672200DD0111 /* Build configuration list for PBXProject "Quiz" */;
			compatibilityVersion = "Xcode 3.2";
			developmentRegion = English;
			hasScannedForEncodings = 0;
			knownRegions = (
				en,
				Base,
			);
			mainGroup = 2576808A1B58672200DD0111;
			productRefGroup = 257680941B58672200DD0111 /* Products */;
			projectDirPath = "";
			projectRoot = "";
			targets = (
				257680921B58672200DD0111 /* Quiz */,
				257680AB1B58672200DD0111 /* QuizTests */,
			);
		};
/* End PBXProject section */

/* Begin PBXResourcesBuildPhase section */
		257680911B58672200DD0111 /* Resources */ = {
			isa = PBXResourcesBuildPhase;
			buildActionMask = 2147483647;
			files = (
				257680A41B58672200DD0111 /* Images.xcassets in Resources */,
				257680C01B5879CD00DD0111 /* QuizViewController.xib in Resources */,
			);
			runOnlyForDeploymentPostprocessing = 0;
		};
		257680AA1B58672200DD0111 /* Resources */ = {
			isa = PBXResourcesBuildPhase;
			buildActionMask = 2147483647;
			files = (
			);
			runOnlyForDeploymentPostprocessing = 0;
		};
/* End PBXResourcesBuildPhase section */

/* Begin PBXSourcesBuildPhase section */
		2576808F1B58672200DD0111 /* Sources */ = {
			isa = PBXSourcesBuildPhase;
			buildActionMask = 2147483647;
			files = (
				2576809C1B58672200DD0111 /* AppDelegate.m in Sources */,
				257680C21B587FC900DD0111 /* main.m in Sources */,
				257680BF1B5879CD00DD0111 /* QuizViewController.m in Sources */,
			);
			runOnlyForDeploymentPostprocessing = 0;
		};
		257680A81B58672200DD0111 /* Sources */ = {
			isa = PBXSourcesBuildPhase;
			buildActionMask = 2147483647;
			files = (
				257680B31B58672300DD0111 /* QuizTests.m in Sources */,
			);
			runOnlyForDeploymentPostprocessing = 0;
		};
/* End PBXSourcesBuildPhase section */

/* Begin PBXTargetDependency section */
		257680AE1B58672300DD0111 /* PBXTargetDependency */ = {
			isa = PBXTargetDependency;
			target = 257680921B58672200DD0111 /* Quiz */;
			targetProxy = 257680AD1B58672300DD0111 /* PBXContainerItemProxy */;
		};
/* End PBXTargetDependency section */

/* Begin XCBuildConfiguration section */
		257680B41B58672300DD0111 /* Debug */ = {
			isa = XCBuildConfiguration;
			buildSettings = {
				ALWAYS_SEARCH_USER_PATHS = NO;
				CLANG_CXX_LANGUAGE_STANDARD = "gnu++0x";
				CLANG_CXX_LIBRARY = "libc++";
				CLANG_ENABLE_MODULES = YES;
				CLANG_ENABLE_OBJC_ARC = YES;
				CLANG_WARN_BOOL_CONVERSION = YES;
				CLANG_WARN_CONSTANT_CONVERSION = YES;
				CLANG_WARN_DIRECT_OBJC_ISA_USAGE = YES_ERROR;
				CLANG_WARN_EMPTY_BODY = YES;
				CLANG_WARN_ENUM_CONVERSION = YES;
				CLANG_WARN_INT_CONVERSION = YES;
				CLANG_WARN_OBJC_ROOT_CLASS = YES_ERROR;
				CLANG_WARN_UNREACHABLE_CODE = YES;
				CLANG_WARN__DUPLICATE_METHOD_MATCH = YES;
				"CODE_SIGN_IDENTITY[sdk=iphoneos*]" = "iPhone Developer";
				COPY_PHASE_STRIP = NO;
				DEBUG_INFORMATION_FORMAT = "dwarf-with-dsym";
				ENABLE_STRICT_OBJC_MSGSEND = YES;
				GCC_C_LANGUAGE_STANDARD = gnu99;
				GCC_DYNAMIC_NO_PIC = NO;
				GCC_NO_COMMON_BLOCKS = YES;
				GCC_OPTIMIZATION_LEVEL = 0;
				GCC_PREPROCESSOR_DEFINITIONS = (
					"DEBUG=1",
					"$(inherited)",
				);
				GCC_SYMBOLS_PRIVATE_EXTERN = NO;
				GCC_WARN_64_TO_32_BIT_CONVERSION = YES;
				GCC_WARN_ABOUT_RETURN_TYPE = YES_ERROR;
				GCC_WARN_UNDECLARED_SELECTOR = YES;
				GCC_WARN_UNINITIALIZED_AUTOS = YES_AGGRESSIVE;
				GCC_WARN_UNUSED_FUNCTION = YES;
				GCC_WARN_UNUSED_VARIABLE = YES;
				IPHONEOS_DEPLOYMENT_TARGET = 8.4;
				MTL_ENABLE_DEBUG_INFO = YES;
				ONLY_ACTIVE_ARCH = YES;
				SDKROOT = iphoneos;
				TARGETED_DEVICE_FAMILY = "1,2";
			};
			name = Debug;
		};
		257680B51B58672300DD0111 /* Release */ = {
			isa = XCBuildConfiguration;
			buildSettings = {
				ALWAYS_SEARCH_USER_PATHS = NO;
				CLANG_CXX_LANGUAGE_STANDARD = "gnu++0x";
				CLANG_CXX_LIBRARY = "libc++";
				CLANG_ENABLE_MODULES = YES;
				CLANG_ENABLE_OBJC_ARC = YES;
				CLANG_WARN_BOOL_CONVERSION = YES;
				CLANG_WARN_CONSTANT_CONVERSION = YES;
				CLANG_WARN_DIRECT_OBJC_ISA_USAGE = YES_ERROR;
				CLANG_WARN_EMPTY_BODY = YES;
				CLANG_WARN_ENUM_CONVERSION = YES;
				CLANG_WARN_INT_CONVERSION = YES;
				CLANG_WARN_OBJC_ROOT_CLASS = YES_ERROR;
				CLANG_WARN_UNREACHABLE_CODE = YES;
				CLANG_WARN__DUPLICATE_METHOD_MATCH = YES;
				"CODE_SIGN_IDENTITY[sdk=iphoneos*]" = "iPhone Developer";
				COPY_PHASE_STRIP = NO;
				DEBUG_INFORMATION_FORMAT = "dwarf-with-dsym";
				ENABLE_NS_ASSERTIONS = NO;
				ENABLE_STRICT_OBJC_MSGSEND = YES;
				GCC_C_LANGUAGE_STANDARD = gnu99;
				GCC_NO_COMMON_BLOCKS = YES;
				GCC_WARN_64_TO_32_BIT_CONVERSION = YES;
				GCC_WARN_ABOUT_RETURN_TYPE = YES_ERROR;
				GCC_WARN_UNDECLARED_SELECTOR = YES;
				GCC_WARN_UNINITIALIZED_AUTOS = YES_AGGRESSIVE;
				GCC_WARN_UNUSED_FUNCTION = YES;
				GCC_WARN_UNUSED_VARIABLE = YES;
				IPHONEOS_DEPLOYMENT_TARGET = 8.4;
				MTL_ENABLE_DEBUG_INFO = NO;
				SDKROOT = iphoneos;
				TARGETED_DEVICE_FAMILY = "1,2";
				VALIDATE_PRODUCT = YES;
			};
			name = Release;
		};
		257680B71B58672300DD0111 /* Debug */ = {
			isa = XCBuildConfiguration;
			buildSettings = {
				ASSETCATALOG_COMPILER_APPICON_NAME = AppIcon;
				CODE_SIGN_IDENTITY = "iPhone Developer";
				INFOPLIST_FILE = Quiz/Info.plist;
				LD_RUNPATH_SEARCH_PATHS = "$(inherited) @executable_path/Frameworks";
				PRODUCT_NAME = "$(TARGET_NAME)";
			};
			name = Debug;
		};
		257680B81B58672300DD0111 /* Release */ = {
			isa = XCBuildConfiguration;
			buildSettings = {
				ASSETCATALOG_COMPILER_APPICON_NAME = AppIcon;
				CODE_SIGN_IDENTITY = "iPhone Developer";
				INFOPLIST_FILE = Quiz/Info.plist;
				LD_RUNPATH_SEARCH_PATHS = "$(inherited) @executable_path/Frameworks";
				PRODUCT_NAME = "$(TARGET_NAME)";
			};
			name = Release;
		};
		257680BA1B58672300DD0111 /* Debug */ = {
			isa = XCBuildConfiguration;
			buildSettings = {
				BUNDLE_LOADER = "$(TEST_HOST)";
				FRAMEWORK_SEARCH_PATHS = (
					"$(SDKROOT)/Developer/Library/Frameworks",
					"$(inherited)",
				);
				GCC_PREPROCESSOR_DEFINITIONS = (
					"DEBUG=1",
					"$(inherited)",
				);
				INFOPLIST_FILE = QuizTests/Info.plist;
				LD_RUNPATH_SEARCH_PATHS = "$(inherited) @executable_path/Frameworks @loader_path/Frameworks";
				PRODUCT_NAME = "$(TARGET_NAME)";
				TEST_HOST = "$(BUILT_PRODUCTS_DIR)/Quiz.app/Quiz";
			};
			name = Debug;
		};
		257680BB1B58672300DD0111 /* Release */ = {
			isa = XCBuildConfiguration;
			buildSettings = {
				BUNDLE_LOADER = "$(TEST_HOST)";
				FRAMEWORK_SEARCH_PATHS = (
					"$(SDKROOT)/Developer/Library/Frameworks",
					"$(inherited)",
				);
				INFOPLIST_FILE = QuizTests/Info.plist;
				LD_RUNPATH_SEARCH_PATHS = "$(inherited) @executable_path/Frameworks @loader_path/Frameworks";
				PRODUCT_NAME = "$(TARGET_NAME)";
				TEST_HOST = "$(BUILT_PRODUCTS_DIR)/Quiz.app/Quiz";
			};
			name = Release;
		};
/* End XCBuildConfiguration section */

/* Begin XCConfigurationList section */
		2576808E1B58672200DD0111 /* Build configuration list for PBXProject "Quiz" */ = {
			isa = XCConfigurationList;
			buildConfigurations = (
				257680B41B58672300DD0111 /* Debug */,
				257680B51B58672300DD0111 /* Release */,
			);
			defaultConfigurationIsVisible = 0;
			defaultConfigurationName = Release;
		};
		257680B61B58672300DD0111 /* Build configuration list for PBXNativeTarget "Quiz" */ = {
			isa = XCConfigurationList;
			buildConfigurations = (
				257680B71B58672300DD0111 /* Debug */,
				257680B81B58672300DD0111 /* Release */,
			);
			defaultConfigurationIsVisible = 0;
		};
		257680B91B58672300DD0111 /* Build configuration list for PBXNativeTarget "QuizTests" */ = {
			isa = XCConfigurationList;
			buildConfigurations = (
				257680BA1B58672300DD0111 /* Debug */,
				257680BB1B58672300DD0111 /* Release */,
			);
			defaultConfigurationIsVisible = 0;
		};
/* End XCConfigurationList section */
	};
	rootObject = 2576808B1B58672200DD0111 /* Project object */;
}
